
Microsoft Visual Studio Solution File, Format Version 12.00
# Visual Studio Version 16
VisualStudioVersion = 16.0.29102.190
MinimumVisualStudioVersion = 10.0.40219.1
Project("{8BC9CEB8-8B4A-11D0-8D11-00A0C91BC942}") = "tp2", "tp2.vcxproj", "{85C27862-7690-4CAF-A1B8-0A3ABC027ADD}"
EndProject
Global
	GlobalSection(SolutionConfigurationPlatforms) = preSolution
		Debug|x64 = Debug|x64
		Debug|x86 = Debug|x86
		Release|x64 = Release|x64
		Release|x86 = Release|x86
	EndGlobalSection
	GlobalSection(ProjectConfigurationPlatforms) = postSolution
		{85C27862-7690-4CAF-A1B8-0A3ABC027ADD}.Debug|x64.ActiveCfg = Debug|x64
		{85C27862-7690-4CAF-A1B8-0A3ABC027ADD}.Debug|x64.Build.0 = Debug|x64
		{85C27862-7690-4CAF-A1B8-0A3ABC027ADD}.Debug|x86.ActiveCfg = Debug|Win32
		{85C27862-7690-4CAF-A1B8-0A3ABC027ADD}.Debug|x86.Build.0 = Debug|Win32
		{85C27862-7690-4CAF-A1B8-0A3ABC027ADD}.Release|x64.ActiveCfg = Release|x64
		{85C27862-7690-4CAF-A1B8-0A3ABC027ADD}.Release|x64.Build.0 = Release|x64
		{85C27862-7690-4CAF-A1B8-0A3ABC027ADD}.Release|x86.ActiveCfg = Release|Win32
		{85C27862-7690-4CAF-A1B8-0A3ABC027ADD}.Release|x86.Build.0 = Release|Win32
	EndGlobalSection
	GlobalSection(SolutionProperties) = preSolution
		HideSolutionNode = FALSE
	EndGlobalSection
	GlobalSection(ExtensibilityGlobals) = postSolution
		SolutionGuid = {52828719-57A8-4EAF-A347-4A7206197630}
	EndGlobalSection
EndGlobal
